
Microsoft Visual Studio Solution File, Format Version 12.00
# Visual Studio 15
VisualStudioVersion = 15.0.28010.2046
MinimumVisualStudioVersion = 10.0.40219.1
Project("{FAE04EC0-301F-11D3-BF4B-00C04F79EFBC}") = "Vietlott", "Vietlott\Vietlott.csproj", "{B0B01795-0C1B-41B8-80A7-227AE4AB658C}"
EndProject
Global
	GlobalSection(SolutionConfigurationPlatforms) = preSolution
		Debug|Any CPU = Debug|Any CPU
		Release|Any CPU = Release|Any CPU
	EndGlobalSection
	GlobalSection(ProjectConfigurationPlatforms) = postSolution
		{B0B01795-0C1B-41B8-80A7-227AE4AB658C}.Debug|Any CPU.ActiveCfg = Debug|Any CPU
		{B0B01795-0C1B-41B8-80A7-227AE4AB658C}.Debug|Any CPU.Build.0 = Debug|Any CPU
		{B0B01795-0C1B-41B8-80A7-227AE4AB658C}.Release|Any CPU.ActiveCfg = Release|Any CPU
		{B0B01795-0C1B-41B8-80A7-227AE4AB658C}.Release|Any CPU.Build.0 = Release|Any CPU
	EndGlobalSection
	GlobalSection(SolutionProperties) = preSolution
		HideSolutionNode = FALSE
	EndGlobalSection
	GlobalSection(ExtensibilityGlobals) = postSolution
		SolutionGuid = {051FB3DE-74B5-4C00-BFD8-FC55E9C17C1B}
	EndGlobalSection
EndGlobal
